
Microsoft Visual Studio Solution File, Format Version 12.00
# Visual Studio Version 17
VisualStudioVersion = 17.9.34616.47
MinimumVisualStudioVersion = 10.0.40219.1
Project("{FAE04EC0-301F-11D3-BF4B-00C04F79EFBC}") = "HomeWork 9.1", "HomeWork 9.1\HomeWork 9.1.csproj", "{09850532-F8F2-4DF3-BB3D-F1CBF4D5DE3E}"
EndProject
Global
	GlobalSection(SolutionConfigurationPlatforms) = preSolution
		Debug|Any CPU = Debug|Any CPU
		Release|Any CPU = Release|Any CPU
	EndGlobalSection
	GlobalSection(ProjectConfigurationPlatforms) = postSolution
		{09850532-F8F2-4DF3-BB3D-F1CBF4D5DE3E}.Debug|Any CPU.ActiveCfg = Debug|Any CPU
		{09850532-F8F2-4DF3-BB3D-F1CBF4D5DE3E}.Debug|Any CPU.Build.0 = Debug|Any CPU
		{09850532-F8F2-4DF3-BB3D-F1CBF4D5DE3E}.Release|Any CPU.ActiveCfg = Release|Any CPU
		{09850532-F8F2-4DF3-BB3D-F1CBF4D5DE3E}.Release|Any CPU.Build.0 = Release|Any CPU
	EndGlobalSection
	GlobalSection(SolutionProperties) = preSolution
		HideSolutionNode = FALSE
	EndGlobalSection
	GlobalSection(ExtensibilityGlobals) = postSolution
		SolutionGuid = {069AE564-1147-4AF9-9ED6-DBBC0A93D777}
	EndGlobalSection
EndGlobal
