
Microsoft Visual Studio Solution File, Format Version 12.00
# Visual Studio Version 17
VisualStudioVersion = 17.9.34616.47
MinimumVisualStudioVersion = 10.0.40219.1
Project("{FAE04EC0-301F-11D3-BF4B-00C04F79EFBC}") = "HomeWork 15.1", "HomeWork 15.1\HomeWork 15.1.csproj", "{547B9212-8ED1-489D-A3BE-56FDC9CBACE9}"
EndProject
Project("{FAE04EC0-301F-11D3-BF4B-00C04F79EFBC}") = "HomeWork 15.2", "HomeWork 15.2\HomeWork 15.2.csproj", "{0625A8D7-1C58-4734-9727-861BD3B84D79}"
EndProject
Global
	GlobalSection(SolutionConfigurationPlatforms) = preSolution
		Debug|Any CPU = Debug|Any CPU
		Release|Any CPU = Release|Any CPU
	EndGlobalSection
	GlobalSection(ProjectConfigurationPlatforms) = postSolution
		{547B9212-8ED1-489D-A3BE-56FDC9CBACE9}.Debug|Any CPU.ActiveCfg = Debug|Any CPU
		{547B9212-8ED1-489D-A3BE-56FDC9CBACE9}.Debug|Any CPU.Build.0 = Debug|Any CPU
		{547B9212-8ED1-489D-A3BE-56FDC9CBACE9}.Release|Any CPU.ActiveCfg = Release|Any CPU
		{547B9212-8ED1-489D-A3BE-56FDC9CBACE9}.Release|Any CPU.Build.0 = Release|Any CPU
		{0625A8D7-1C58-4734-9727-861BD3B84D79}.Debug|Any CPU.ActiveCfg = Debug|Any CPU
		{0625A8D7-1C58-4734-9727-861BD3B84D79}.Debug|Any CPU.Build.0 = Debug|Any CPU
		{0625A8D7-1C58-4734-9727-861BD3B84D79}.Release|Any CPU.ActiveCfg = Release|Any CPU
		{0625A8D7-1C58-4734-9727-861BD3B84D79}.Release|Any CPU.Build.0 = Release|Any CPU
	EndGlobalSection
	GlobalSection(SolutionProperties) = preSolution
		HideSolutionNode = FALSE
	EndGlobalSection
	GlobalSection(ExtensibilityGlobals) = postSolution
		SolutionGuid = {2ADDA647-75E8-428B-9F8A-B27C94C94979}
	EndGlobalSection
EndGlobal
