
Microsoft Visual Studio Solution File, Format Version 12.00
# Visual Studio Version 17
VisualStudioVersion = 17.8.34525.116
MinimumVisualStudioVersion = 10.0.40219.1
Project("{FAE04EC0-301F-11D3-BF4B-00C04F79EFBC}") = "Home Work 3.1", "Home Work 3\Home Work 3.1.csproj", "{C2C66821-C688-4B2C-ADDD-AECB7C5A4424}"
EndProject
Project("{FAE04EC0-301F-11D3-BF4B-00C04F79EFBC}") = "Home Work 3.2", "Home Work 3.2\Home Work 3.2.csproj", "{63E0AC9C-D18E-4959-91D7-40112C7AD212}"
EndProject
Project("{FAE04EC0-301F-11D3-BF4B-00C04F79EFBC}") = "Home Work 3.3", "Home Work 3.3\Home Work 3.3.csproj", "{B94B4A13-8529-4A7A-BB59-59B093AB51B1}"
EndProject
Global
	GlobalSection(SolutionConfigurationPlatforms) = preSolution
		Debug|Any CPU = Debug|Any CPU
		Release|Any CPU = Release|Any CPU
	EndGlobalSection
	GlobalSection(ProjectConfigurationPlatforms) = postSolution
		{C2C66821-C688-4B2C-ADDD-AECB7C5A4424}.Debug|Any CPU.ActiveCfg = Debug|Any CPU
		{C2C66821-C688-4B2C-ADDD-AECB7C5A4424}.Debug|Any CPU.Build.0 = Debug|Any CPU
		{C2C66821-C688-4B2C-ADDD-AECB7C5A4424}.Release|Any CPU.ActiveCfg = Release|Any CPU
		{C2C66821-C688-4B2C-ADDD-AECB7C5A4424}.Release|Any CPU.Build.0 = Release|Any CPU
		{63E0AC9C-D18E-4959-91D7-40112C7AD212}.Debug|Any CPU.ActiveCfg = Debug|Any CPU
		{63E0AC9C-D18E-4959-91D7-40112C7AD212}.Debug|Any CPU.Build.0 = Debug|Any CPU
		{63E0AC9C-D18E-4959-91D7-40112C7AD212}.Release|Any CPU.ActiveCfg = Release|Any CPU
		{63E0AC9C-D18E-4959-91D7-40112C7AD212}.Release|Any CPU.Build.0 = Release|Any CPU
		{B94B4A13-8529-4A7A-BB59-59B093AB51B1}.Debug|Any CPU.ActiveCfg = Debug|Any CPU
		{B94B4A13-8529-4A7A-BB59-59B093AB51B1}.Debug|Any CPU.Build.0 = Debug|Any CPU
		{B94B4A13-8529-4A7A-BB59-59B093AB51B1}.Release|Any CPU.ActiveCfg = Release|Any CPU
		{B94B4A13-8529-4A7A-BB59-59B093AB51B1}.Release|Any CPU.Build.0 = Release|Any CPU
	EndGlobalSection
	GlobalSection(SolutionProperties) = preSolution
		HideSolutionNode = FALSE
	EndGlobalSection
	GlobalSection(ExtensibilityGlobals) = postSolution
		SolutionGuid = {F1445A7B-ACF5-4E8F-A10F-A771EE447C29}
	EndGlobalSection
EndGlobal
