
Microsoft Visual Studio Solution File, Format Version 12.00
# Visual Studio Version 17
VisualStudioVersion = 17.8.34525.116
MinimumVisualStudioVersion = 10.0.40219.1
Project("{FAE04EC0-301F-11D3-BF4B-00C04F79EFBC}") = "HomeWork 6.1", "HomeWork 6.1\HomeWork 6.1.csproj", "{A57240D0-EAF6-41CF-AE9C-562C01B4C882}"
EndProject
Project("{FAE04EC0-301F-11D3-BF4B-00C04F79EFBC}") = "HomeWork 6.2", "HomeWork 6.2\HomeWork 6.2.csproj", "{40CDDE07-C37C-454C-936E-7183E7EA6ABA}"
EndProject
Global
	GlobalSection(SolutionConfigurationPlatforms) = preSolution
		Debug|Any CPU = Debug|Any CPU
		Release|Any CPU = Release|Any CPU
	EndGlobalSection
	GlobalSection(ProjectConfigurationPlatforms) = postSolution
		{A57240D0-EAF6-41CF-AE9C-562C01B4C882}.Debug|Any CPU.ActiveCfg = Debug|Any CPU
		{A57240D0-EAF6-41CF-AE9C-562C01B4C882}.Debug|Any CPU.Build.0 = Debug|Any CPU
		{A57240D0-EAF6-41CF-AE9C-562C01B4C882}.Release|Any CPU.ActiveCfg = Release|Any CPU
		{A57240D0-EAF6-41CF-AE9C-562C01B4C882}.Release|Any CPU.Build.0 = Release|Any CPU
		{40CDDE07-C37C-454C-936E-7183E7EA6ABA}.Debug|Any CPU.ActiveCfg = Debug|Any CPU
		{40CDDE07-C37C-454C-936E-7183E7EA6ABA}.Debug|Any CPU.Build.0 = Debug|Any CPU
		{40CDDE07-C37C-454C-936E-7183E7EA6ABA}.Release|Any CPU.ActiveCfg = Release|Any CPU
		{40CDDE07-C37C-454C-936E-7183E7EA6ABA}.Release|Any CPU.Build.0 = Release|Any CPU
	EndGlobalSection
	GlobalSection(SolutionProperties) = preSolution
		HideSolutionNode = FALSE
	EndGlobalSection
	GlobalSection(ExtensibilityGlobals) = postSolution
		SolutionGuid = {3E801281-4AD5-41D5-BB22-5E59DF8C7986}
	EndGlobalSection
EndGlobal
