
Microsoft Visual Studio Solution File, Format Version 12.00
# Visual Studio Version 17
VisualStudioVersion = 17.9.34616.47
MinimumVisualStudioVersion = 10.0.40219.1
Project("{FAE04EC0-301F-11D3-BF4B-00C04F79EFBC}") = "HomeWork 12", "HomeWork 12\HomeWork 12.csproj", "{50744B86-6421-4833-9309-7C62702D583D}"
EndProject
Global
	GlobalSection(SolutionConfigurationPlatforms) = preSolution
		Debug|Any CPU = Debug|Any CPU
		Release|Any CPU = Release|Any CPU
	EndGlobalSection
	GlobalSection(ProjectConfigurationPlatforms) = postSolution
		{50744B86-6421-4833-9309-7C62702D583D}.Debug|Any CPU.ActiveCfg = Debug|Any CPU
		{50744B86-6421-4833-9309-7C62702D583D}.Debug|Any CPU.Build.0 = Debug|Any CPU
		{50744B86-6421-4833-9309-7C62702D583D}.Release|Any CPU.ActiveCfg = Release|Any CPU
		{50744B86-6421-4833-9309-7C62702D583D}.Release|Any CPU.Build.0 = Release|Any CPU
	EndGlobalSection
	GlobalSection(SolutionProperties) = preSolution
		HideSolutionNode = FALSE
	EndGlobalSection
	GlobalSection(ExtensibilityGlobals) = postSolution
		SolutionGuid = {8637F016-E45D-40C7-BFA3-A0F84AD98E65}
	EndGlobalSection
EndGlobal
