
Microsoft Visual Studio Solution File, Format Version 12.00
# Visual Studio Version 17
VisualStudioVersion = 17.9.34701.34
MinimumVisualStudioVersion = 10.0.40219.1
Project("{FAE04EC0-301F-11D3-BF4B-00C04F79EFBC}") = "HomeWork 22", "HomeWork 22\HomeWork 22.csproj", "{E26737FA-51DC-4B90-9A02-778A41A4E680}"
EndProject
Global
	GlobalSection(SolutionConfigurationPlatforms) = preSolution
		Debug|Any CPU = Debug|Any CPU
		Release|Any CPU = Release|Any CPU
	EndGlobalSection
	GlobalSection(ProjectConfigurationPlatforms) = postSolution
		{E26737FA-51DC-4B90-9A02-778A41A4E680}.Debug|Any CPU.ActiveCfg = Debug|Any CPU
		{E26737FA-51DC-4B90-9A02-778A41A4E680}.Debug|Any CPU.Build.0 = Debug|Any CPU
		{E26737FA-51DC-4B90-9A02-778A41A4E680}.Release|Any CPU.ActiveCfg = Release|Any CPU
		{E26737FA-51DC-4B90-9A02-778A41A4E680}.Release|Any CPU.Build.0 = Release|Any CPU
	EndGlobalSection
	GlobalSection(SolutionProperties) = preSolution
		HideSolutionNode = FALSE
	EndGlobalSection
	GlobalSection(ExtensibilityGlobals) = postSolution
		SolutionGuid = {5167498F-FE75-428A-B685-5CD69D5EDC46}
	EndGlobalSection
EndGlobal
